
Microsoft Visual Studio Solution File, Format Version 12.00
# Visual Studio 15
VisualStudioVersion = 15.0.28307.421
MinimumVisualStudioVersion = 10.0.40219.1
Project("{888888A0-9F3D-457C-B088-3A5042F75D52}") = "GenTex", "GenTex.pyproj", "{4FACE1FE-3737-46F1-AD1E-C4A2B554F6F8}"
EndProject
Global
	GlobalSection(SolutionConfigurationPlatforms) = preSolution
		Debug|Any CPU = Debug|Any CPU
		Release|Any CPU = Release|Any CPU
	EndGlobalSection
	GlobalSection(ProjectConfigurationPlatforms) = postSolution
		{4FACE1FE-3737-46F1-AD1E-C4A2B554F6F8}.Debug|Any CPU.ActiveCfg = Debug|Any CPU
		{4FACE1FE-3737-46F1-AD1E-C4A2B554F6F8}.Release|Any CPU.ActiveCfg = Release|Any CPU
	EndGlobalSection
	GlobalSection(SolutionProperties) = preSolution
		HideSolutionNode = FALSE
	EndGlobalSection
	GlobalSection(ExtensibilityGlobals) = postSolution
		SolutionGuid = {17E9F817-325C-4D7E-89CC-66B49BC64E63}
	EndGlobalSection
EndGlobal
